// !$*UTF8*$!
{
	archiveVersion = 1;
	classes = {
	};
	objectVersion = 77;
	objects = {

/* Begin PBXBuildFile section */
		1905B8272E41320900CBD6EE /* CatApp.swift in Sources */ = {isa = PBXBuildFile; fileRef = 1905B8242E41320900CBD6EE /* CatApp.swift */; };
		1905B8292E41320900CBD6EE /* Assets.xcassets in Resources */ = {isa = PBXBuildFile; fileRef = 1905B8232E41320900CBD6EE /* Assets.xcassets */; };
		1905B8302E41324000CBD6EE /* CatListView.swift in Sources */ = {isa = PBXBuildFile; fileRef = 1905B82F2E41323E00CBD6EE /* CatListView.swift */; };
		1905B8322E4139AD00CBD6EE /* CatTileView.swift in Sources */ = {isa = PBXBuildFile; fileRef = 1905B8312E4139AD00CBD6EE /* CatTileView.swift */; };
		1905B8362E41439D00CBD6EE /* BreedListViewModel.swift in Sources */ = {isa = PBXBuildFile; fileRef = 1905B8352E41439300CBD6EE /* BreedListViewModel.swift */; };
		19430C8E2E43D2AB0064A4D2 /* FavouritesView.swift in Sources */ = {isa = PBXBuildFile; fileRef = 19430C8D2E43D2A60064A4D2 /* FavouritesView.swift */; };
		19430C902E43D3900064A4D2 /* CatListContent.swift in Sources */ = {isa = PBXBuildFile; fileRef = 19430C8F2E43D38A0064A4D2 /* CatListContent.swift */; };
		19BB0C5F2E424CE400AF151E /* CatAPIService.swift in Sources */ = {isa = PBXBuildFile; fileRef = 19BB0C5E2E424CDC00AF151E /* CatAPIService.swift */; };
		19BB0C612E42539200AF151E /* BreedDetailSheet.swift in Sources */ = {isa = PBXBuildFile; fileRef = 19BB0C602E42538A00AF151E /* BreedDetailSheet.swift */; };
		19BB0C692E42919400AF151E /* APIConstants.swift in Sources */ = {isa = PBXBuildFile; fileRef = 19BB0C682E42918F00AF151E /* APIConstants.swift */; };
		19BB0C6C2E4291BE00AF151E /* APIManager.swift in Sources */ = {isa = PBXBuildFile; fileRef = 19BB0C6B2E4291BA00AF151E /* APIManager.swift */; };
		19BB0C6E2E4291F100AF151E /* NetworkError.swift in Sources */ = {isa = PBXBuildFile; fileRef = 19BB0C6D2E4291EE00AF151E /* NetworkError.swift */; };
		19BB0C702E42920700AF151E /* RequestManager.swift in Sources */ = {isa = PBXBuildFile; fileRef = 19BB0C6F2E42920400AF151E /* RequestManager.swift */; };
		19BB0C742E42924E00AF151E /* DataParser.swift in Sources */ = {isa = PBXBuildFile; fileRef = 19BB0C732E42924B00AF151E /* DataParser.swift */; };
		19BB0C772E42928700AF151E /* CatsRequest.swift in Sources */ = {isa = PBXBuildFile; fileRef = 19BB0C762E42928400AF151E /* CatsRequest.swift */; };
		19BB0C792E4292BF00AF151E /* RequestType.swift in Sources */ = {isa = PBXBuildFile; fileRef = 19BB0C782E4292BB00AF151E /* RequestType.swift */; };
		19BB0C7B2E4292CD00AF151E /* RequestProtocol.swift in Sources */ = {isa = PBXBuildFile; fileRef = 19BB0C7A2E4292C900AF151E /* RequestProtocol.swift */; };
		19BB0C7F2E42931800AF151E /* Cat.swift in Sources */ = {isa = PBXBuildFile; fileRef = 19BB0C7E2E42931700AF151E /* Cat.swift */; };
		19BB0C812E42947B00AF151E /* ContentView.swift in Sources */ = {isa = PBXBuildFile; fileRef = 19BB0C802E42947700AF151E /* ContentView.swift */; };
/* End PBXBuildFile section */

/* Begin PBXContainerItemProxy section */
		1905B8032E412B7600CBD6EE /* PBXContainerItemProxy */ = {
			isa = PBXContainerItemProxy;
			containerPortal = 1905B7ED2E412B7500CBD6EE /* Project object */;
			proxyType = 1;
			remoteGlobalIDString = 1905B7F42E412B7500CBD6EE;
			remoteInfo = CatApp;
		};
		1905B80D2E412B7600CBD6EE /* PBXContainerItemProxy */ = {
			isa = PBXContainerItemProxy;
			containerPortal = 1905B7ED2E412B7500CBD6EE /* Project object */;
			proxyType = 1;
			remoteGlobalIDString = 1905B7F42E412B7500CBD6EE;
			remoteInfo = CatApp;
		};
/* End PBXContainerItemProxy section */

/* Begin PBXFileReference section */
		1905B7F52E412B7500CBD6EE /* CatApp.app */ = {isa = PBXFileReference; explicitFileType = wrapper.application; includeInIndex = 0; path = CatApp.app; sourceTree = BUILT_PRODUCTS_DIR; };
		1905B8022E412B7600CBD6EE /* CatAppTests.xctest */ = {isa = PBXFileReference; explicitFileType = wrapper.cfbundle; includeInIndex = 0; path = CatAppTests.xctest; sourceTree = BUILT_PRODUCTS_DIR; };
		1905B80C2E412B7600CBD6EE /* CatAppUITests.xctest */ = {isa = PBXFileReference; explicitFileType = wrapper.cfbundle; includeInIndex = 0; path = CatAppUITests.xctest; sourceTree = BUILT_PRODUCTS_DIR; };
		1905B8232E41320900CBD6EE /* Assets.xcassets */ = {isa = PBXFileReference; lastKnownFileType = folder.assetcatalog; path = Assets.xcassets; sourceTree = "<group>"; };
		1905B8242E41320900CBD6EE /* CatApp.swift */ = {isa = PBXFileReference; lastKnownFileType = sourcecode.swift; path = CatApp.swift; sourceTree = "<group>"; };
		1905B82F2E41323E00CBD6EE /* CatListView.swift */ = {isa = PBXFileReference; lastKnownFileType = sourcecode.swift; path = CatListView.swift; sourceTree = "<group>"; };
		1905B8312E4139AD00CBD6EE /* CatTileView.swift */ = {isa = PBXFileReference; lastKnownFileType = sourcecode.swift; path = CatTileView.swift; sourceTree = "<group>"; };
		1905B8352E41439300CBD6EE /* BreedListViewModel.swift */ = {isa = PBXFileReference; lastKnownFileType = sourcecode.swift; path = BreedListViewModel.swift; sourceTree = "<group>"; };
		19430C8D2E43D2A60064A4D2 /* FavouritesView.swift */ = {isa = PBXFileReference; lastKnownFileType = sourcecode.swift; path = FavouritesView.swift; sourceTree = "<group>"; };
		19430C8F2E43D38A0064A4D2 /* CatListContent.swift */ = {isa = PBXFileReference; lastKnownFileType = sourcecode.swift; path = CatListContent.swift; sourceTree = "<group>"; };
		19BB0C5E2E424CDC00AF151E /* CatAPIService.swift */ = {isa = PBXFileReference; lastKnownFileType = sourcecode.swift; path = CatAPIService.swift; sourceTree = "<group>"; };
		19BB0C602E42538A00AF151E /* BreedDetailSheet.swift */ = {isa = PBXFileReference; lastKnownFileType = sourcecode.swift; path = BreedDetailSheet.swift; sourceTree = "<group>"; };
		19BB0C682E42918F00AF151E /* APIConstants.swift */ = {isa = PBXFileReference; lastKnownFileType = sourcecode.swift; path = APIConstants.swift; sourceTree = "<group>"; };
		19BB0C6B2E4291BA00AF151E /* APIManager.swift */ = {isa = PBXFileReference; lastKnownFileType = sourcecode.swift; path = APIManager.swift; sourceTree = "<group>"; };
		19BB0C6D2E4291EE00AF151E /* NetworkError.swift */ = {isa = PBXFileReference; lastKnownFileType = sourcecode.swift; path = NetworkError.swift; sourceTree = "<group>"; };
		19BB0C6F2E42920400AF151E /* RequestManager.swift */ = {isa = PBXFileReference; lastKnownFileType = sourcecode.swift; path = RequestManager.swift; sourceTree = "<group>"; };
		19BB0C732E42924B00AF151E /* DataParser.swift */ = {isa = PBXFileReference; lastKnownFileType = sourcecode.swift; path = DataParser.swift; sourceTree = "<group>"; };
		19BB0C762E42928400AF151E /* CatsRequest.swift */ = {isa = PBXFileReference; lastKnownFileType = sourcecode.swift; path = CatsRequest.swift; sourceTree = "<group>"; };
		19BB0C782E4292BB00AF151E /* RequestType.swift */ = {isa = PBXFileReference; lastKnownFileType = sourcecode.swift; path = RequestType.swift; sourceTree = "<group>"; };
		19BB0C7A2E4292C900AF151E /* RequestProtocol.swift */ = {isa = PBXFileReference; lastKnownFileType = sourcecode.swift; path = RequestProtocol.swift; sourceTree = "<group>"; };
		19BB0C7E2E42931700AF151E /* Cat.swift */ = {isa = PBXFileReference; lastKnownFileType = sourcecode.swift; path = Cat.swift; sourceTree = "<group>"; };
		19BB0C802E42947700AF151E /* ContentView.swift */ = {isa = PBXFileReference; lastKnownFileType = sourcecode.swift; path = ContentView.swift; sourceTree = "<group>"; };
/* End PBXFileReference section */

/* Begin PBXFileSystemSynchronizedRootGroup section */
		1905B8052E412B7600CBD6EE /* CatAppTests */ = {
			isa = PBXFileSystemSynchronizedRootGroup;
			path = CatAppTests;
			sourceTree = "<group>";
		};
		1905B80F2E412B7600CBD6EE /* CatAppUITests */ = {
			isa = PBXFileSystemSynchronizedRootGroup;
			path = CatAppUITests;
			sourceTree = "<group>";
		};
/* End PBXFileSystemSynchronizedRootGroup section */

/* Begin PBXFrameworksBuildPhase section */
		1905B7F22E412B7500CBD6EE /* Frameworks */ = {
			isa = PBXFrameworksBuildPhase;
			buildActionMask = 2147483647;
			files = (
			);
			runOnlyForDeploymentPostprocessing = 0;
		};
		1905B7FF2E412B7600CBD6EE /* Frameworks */ = {
			isa = PBXFrameworksBuildPhase;
			buildActionMask = 2147483647;
			files = (
			);
			runOnlyForDeploymentPostprocessing = 0;
		};
		1905B8092E412B7600CBD6EE /* Frameworks */ = {
			isa = PBXFrameworksBuildPhase;
			buildActionMask = 2147483647;
			files = (
			);
			runOnlyForDeploymentPostprocessing = 0;
		};
/* End PBXFrameworksBuildPhase section */

/* Begin PBXGroup section */
		1905B7EC2E412B7500CBD6EE = {
			isa = PBXGroup;
			children = (
				1905B8262E41320900CBD6EE /* CatApp */,
				1905B8052E412B7600CBD6EE /* CatAppTests */,
				1905B80F2E412B7600CBD6EE /* CatAppUITests */,
				1905B7F62E412B7500CBD6EE /* Products */,
			);
			sourceTree = "<group>";
		};
		1905B7F62E412B7500CBD6EE /* Products */ = {
			isa = PBXGroup;
			children = (
				1905B7F52E412B7500CBD6EE /* CatApp.app */,
				1905B8022E412B7600CBD6EE /* CatAppTests.xctest */,
				1905B80C2E412B7600CBD6EE /* CatAppUITests.xctest */,
			);
			name = Products;
			sourceTree = "<group>";
		};
		1905B8262E41320900CBD6EE /* CatApp */ = {
			isa = PBXGroup;
			children = (
				19BB0C802E42947700AF151E /* ContentView.swift */,
				1905B8242E41320900CBD6EE /* CatApp.swift */,
				19BB0C622E4290F800AF151E /* Modules */,
				19BB0C632E42910900AF151E /* Network */,
				1905B8232E41320900CBD6EE /* Assets.xcassets */,
			);
			path = CatApp;
			sourceTree = "<group>";
		};
		1905B82A2E41321200CBD6EE /* Breeds */ = {
			isa = PBXGroup;
			children = (
				19BB0C5D2E424CCC00AF151E /* Service */,
				1905B82D2E41322900CBD6EE /* View */,
				1905B82C2E41322300CBD6EE /* ViewModel */,
			);
			path = Breeds;
			sourceTree = "<group>";
		};
		1905B82C2E41322300CBD6EE /* ViewModel */ = {
			isa = PBXGroup;
			children = (
				1905B8352E41439300CBD6EE /* BreedListViewModel.swift */,
			);
			path = ViewModel;
			sourceTree = "<group>";
		};
		1905B82D2E41322900CBD6EE /* View */ = {
			isa = PBXGroup;
			children = (
				19430C8F2E43D38A0064A4D2 /* CatListContent.swift */,
				19430C8D2E43D2A60064A4D2 /* FavouritesView.swift */,
				19BB0C602E42538A00AF151E /* BreedDetailSheet.swift */,
				1905B82F2E41323E00CBD6EE /* CatListView.swift */,
				1905B8312E4139AD00CBD6EE /* CatTileView.swift */,
			);
			path = View;
			sourceTree = "<group>";
		};
		19BB0C5D2E424CCC00AF151E /* Service */ = {
			isa = PBXGroup;
			children = (
				19BB0C5E2E424CDC00AF151E /* CatAPIService.swift */,
			);
			path = Service;
			sourceTree = "<group>";
		};
		19BB0C622E4290F800AF151E /* Modules */ = {
			isa = PBXGroup;
			children = (
				1905B82A2E41321200CBD6EE /* Breeds */,
			);
			path = Modules;
			sourceTree = "<group>";
		};
		19BB0C632E42910900AF151E /* Network */ = {
			isa = PBXGroup;
			children = (
				19BB0C642E42916700AF151E /* Data */,
				19BB0C652E42916C00AF151E /* Domain */,
			);
			path = Network;
			sourceTree = "<group>";
		};
		19BB0C642E42916700AF151E /* Data */ = {
			isa = PBXGroup;
			children = (
				19BB0C672E42918A00AF151E /* API */,
			);
			path = Data;
			sourceTree = "<group>";
		};
		19BB0C652E42916C00AF151E /* Domain */ = {
			isa = PBXGroup;
			children = (
				19BB0C7C2E42930600AF151E /* Model */,
			);
			path = Domain;
			sourceTree = "<group>";
		};
		19BB0C672E42918A00AF151E /* API */ = {
			isa = PBXGroup;
			children = (
				19BB0C682E42918F00AF151E /* APIConstants.swift */,
				19BB0C6A2E4291A700AF151E /* Network */,
				19BB0C722E42924300AF151E /* Parser */,
				19BB0C752E42927400AF151E /* Request */,
			);
			path = API;
			sourceTree = "<group>";
		};
		19BB0C6A2E4291A700AF151E /* Network */ = {
			isa = PBXGroup;
			children = (
				19BB0C6F2E42920400AF151E /* RequestManager.swift */,
				19BB0C6D2E4291EE00AF151E /* NetworkError.swift */,
				19BB0C6B2E4291BA00AF151E /* APIManager.swift */,
			);
			path = Network;
			sourceTree = "<group>";
		};
		19BB0C722E42924300AF151E /* Parser */ = {
			isa = PBXGroup;
			children = (
				19BB0C732E42924B00AF151E /* DataParser.swift */,
			);
			path = Parser;
			sourceTree = "<group>";
		};
		19BB0C752E42927400AF151E /* Request */ = {
			isa = PBXGroup;
			children = (
				19BB0C7A2E4292C900AF151E /* RequestProtocol.swift */,
				19BB0C782E4292BB00AF151E /* RequestType.swift */,
				19BB0C762E42928400AF151E /* CatsRequest.swift */,
			);
			path = Request;
			sourceTree = "<group>";
		};
		19BB0C7C2E42930600AF151E /* Model */ = {
			isa = PBXGroup;
			children = (
				19BB0C7D2E42930B00AF151E /* Cat */,
			);
			path = Model;
			sourceTree = "<group>";
		};
		19BB0C7D2E42930B00AF151E /* Cat */ = {
			isa = PBXGroup;
			children = (
				19BB0C7E2E42931700AF151E /* Cat.swift */,
			);
			path = Cat;
			sourceTree = "<group>";
		};
/* End PBXGroup section */

/* Begin PBXNativeTarget section */
		1905B7F42E412B7500CBD6EE /* CatApp */ = {
			isa = PBXNativeTarget;
			buildConfigurationList = 1905B8162E412B7600CBD6EE /* Build configuration list for PBXNativeTarget "CatApp" */;
			buildPhases = (
				1905B7F12E412B7500CBD6EE /* Sources */,
				1905B7F22E412B7500CBD6EE /* Frameworks */,
				1905B7F32E412B7500CBD6EE /* Resources */,
			);
			buildRules = (
			);
			dependencies = (
			);
			name = CatApp;
			packageProductDependencies = (
			);
			productName = CatApp;
			productReference = 1905B7F52E412B7500CBD6EE /* CatApp.app */;
			productType = "com.apple.product-type.application";
		};
		1905B8012E412B7600CBD6EE /* CatAppTests */ = {
			isa = PBXNativeTarget;
			buildConfigurationList = 1905B8192E412B7600CBD6EE /* Build configuration list for PBXNativeTarget "CatAppTests" */;
			buildPhases = (
				1905B7FE2E412B7600CBD6EE /* Sources */,
				1905B7FF2E412B7600CBD6EE /* Frameworks */,
				1905B8002E412B7600CBD6EE /* Resources */,
			);
			buildRules = (
			);
			dependencies = (
				1905B8042E412B7600CBD6EE /* PBXTargetDependency */,
			);
			fileSystemSynchronizedGroups = (
				1905B8052E412B7600CBD6EE /* CatAppTests */,
			);
			name = CatAppTests;
			packageProductDependencies = (
			);
			productName = CatAppTests;
			productReference = 1905B8022E412B7600CBD6EE /* CatAppTests.xctest */;
			productType = "com.apple.product-type.bundle.unit-test";
		};
		1905B80B2E412B7600CBD6EE /* CatAppUITests */ = {
			isa = PBXNativeTarget;
			buildConfigurationList = 1905B81C2E412B7600CBD6EE /* Build configuration list for PBXNativeTarget "CatAppUITests" */;
			buildPhases = (
				1905B8082E412B7600CBD6EE /* Sources */,
				1905B8092E412B7600CBD6EE /* Frameworks */,
				1905B80A2E412B7600CBD6EE /* Resources */,
			);
			buildRules = (
			);
			dependencies = (
				1905B80E2E412B7600CBD6EE /* PBXTargetDependency */,
			);
			fileSystemSynchronizedGroups = (
				1905B80F2E412B7600CBD6EE /* CatAppUITests */,
			);
			name = CatAppUITests;
			packageProductDependencies = (
			);
			productName = CatAppUITests;
			productReference = 1905B80C2E412B7600CBD6EE /* CatAppUITests.xctest */;
			productType = "com.apple.product-type.bundle.ui-testing";
		};
/* End PBXNativeTarget section */

/* Begin PBXProject section */
		1905B7ED2E412B7500CBD6EE /* Project object */ = {
			isa = PBXProject;
			attributes = {
				BuildIndependentTargetsInParallel = 1;
				LastSwiftUpdateCheck = 1640;
				LastUpgradeCheck = 1640;
				TargetAttributes = {
					1905B7F42E412B7500CBD6EE = {
						CreatedOnToolsVersion = 16.4;
					};
					1905B8012E412B7600CBD6EE = {
						CreatedOnToolsVersion = 16.4;
						TestTargetID = 1905B7F42E412B7500CBD6EE;
					};
					1905B80B2E412B7600CBD6EE = {
						CreatedOnToolsVersion = 16.4;
						TestTargetID = 1905B7F42E412B7500CBD6EE;
					};
				};
			};
			buildConfigurationList = 1905B7F02E412B7500CBD6EE /* Build configuration list for PBXProject "CatApp" */;
			developmentRegion = en;
			hasScannedForEncodings = 0;
			knownRegions = (
				en,
				Base,
			);
			mainGroup = 1905B7EC2E412B7500CBD6EE;
			minimizedProjectReferenceProxies = 1;
			preferredProjectObjectVersion = 77;
			productRefGroup = 1905B7F62E412B7500CBD6EE /* Products */;
			projectDirPath = "";
			projectRoot = "";
			targets = (
				1905B7F42E412B7500CBD6EE /* CatApp */,
				1905B8012E412B7600CBD6EE /* CatAppTests */,
				1905B80B2E412B7600CBD6EE /* CatAppUITests */,
			);
		};
/* End PBXProject section */

/* Begin PBXResourcesBuildPhase section */
		1905B7F32E412B7500CBD6EE /* Resources */ = {
			isa = PBXResourcesBuildPhase;
			buildActionMask = 2147483647;
			files = (
				1905B8292E41320900CBD6EE /* Assets.xcassets in Resources */,
			);
			runOnlyForDeploymentPostprocessing = 0;
		};
		1905B8002E412B7600CBD6EE /* Resources */ = {
			isa = PBXResourcesBuildPhase;
			buildActionMask = 2147483647;
			files = (
			);
			runOnlyForDeploymentPostprocessing = 0;
		};
		1905B80A2E412B7600CBD6EE /* Resources */ = {
			isa = PBXResourcesBuildPhase;
			buildActionMask = 2147483647;
			files = (
			);
			runOnlyForDeploymentPostprocessing = 0;
		};
/* End PBXResourcesBuildPhase section */

/* Begin PBXSourcesBuildPhase section */
		1905B7F12E412B7500CBD6EE /* Sources */ = {
			isa = PBXSourcesBuildPhase;
			buildActionMask = 2147483647;
			files = (
				19BB0C612E42539200AF151E /* BreedDetailSheet.swift in Sources */,
				19BB0C742E42924E00AF151E /* DataParser.swift in Sources */,
				19430C902E43D3900064A4D2 /* CatListContent.swift in Sources */,
				19430C8E2E43D2AB0064A4D2 /* FavouritesView.swift in Sources */,
				19BB0C812E42947B00AF151E /* ContentView.swift in Sources */,
				19BB0C5F2E424CE400AF151E /* CatAPIService.swift in Sources */,
				19BB0C6C2E4291BE00AF151E /* APIManager.swift in Sources */,
				1905B8302E41324000CBD6EE /* CatListView.swift in Sources */,
				19BB0C692E42919400AF151E /* APIConstants.swift in Sources */,
				19BB0C772E42928700AF151E /* CatsRequest.swift in Sources */,
				1905B8322E4139AD00CBD6EE /* CatTileView.swift in Sources */,
				19BB0C7B2E4292CD00AF151E /* RequestProtocol.swift in Sources */,
				19BB0C792E4292BF00AF151E /* RequestType.swift in Sources */,
				19BB0C702E42920700AF151E /* RequestManager.swift in Sources */,
				19BB0C7F2E42931800AF151E /* Cat.swift in Sources */,
				1905B8272E41320900CBD6EE /* CatApp.swift in Sources */,
				1905B8362E41439D00CBD6EE /* BreedListViewModel.swift in Sources */,
				19BB0C6E2E4291F100AF151E /* NetworkError.swift in Sources */,
			);
			runOnlyForDeploymentPostprocessing = 0;
		};
		1905B7FE2E412B7600CBD6EE /* Sources */ = {
			isa = PBXSourcesBuildPhase;
			buildActionMask = 2147483647;
			files = (
			);
			runOnlyForDeploymentPostprocessing = 0;
		};
		1905B8082E412B7600CBD6EE /* Sources */ = {
			isa = PBXSourcesBuildPhase;
			buildActionMask = 2147483647;
			files = (
			);
			runOnlyForDeploymentPostprocessing = 0;
		};
/* End PBXSourcesBuildPhase section */

/* Begin PBXTargetDependency section */
		1905B8042E412B7600CBD6EE /* PBXTargetDependency */ = {
			isa = PBXTargetDependency;
			target = 1905B7F42E412B7500CBD6EE /* CatApp */;
			targetProxy = 1905B8032E412B7600CBD6EE /* PBXContainerItemProxy */;
		};
		1905B80E2E412B7600CBD6EE /* PBXTargetDependency */ = {
			isa = PBXTargetDependency;
			target = 1905B7F42E412B7500CBD6EE /* CatApp */;
			targetProxy = 1905B80D2E412B7600CBD6EE /* PBXContainerItemProxy */;
		};
/* End PBXTargetDependency section */

/* Begin XCBuildConfiguration section */
		1905B8142E412B7600CBD6EE /* Debug */ = {
			isa = XCBuildConfiguration;
			buildSettings = {
				ALWAYS_SEARCH_USER_PATHS = NO;
				ASSETCATALOG_COMPILER_GENERATE_SWIFT_ASSET_SYMBOL_EXTENSIONS = YES;
				CLANG_ANALYZER_NONNULL = YES;
				CLANG_ANALYZER_NUMBER_OBJECT_CONVERSION = YES_AGGRESSIVE;
				CLANG_CXX_LANGUAGE_STANDARD = "gnu++20";
				CLANG_ENABLE_MODULES = YES;
				CLANG_ENABLE_OBJC_ARC = YES;
				CLANG_ENABLE_OBJC_WEAK = YES;
				CLANG_WARN_BLOCK_CAPTURE_AUTORELEASING = YES;
				CLANG_WARN_BOOL_CONVERSION = YES;
				CLANG_WARN_COMMA = YES;
				CLANG_WARN_CONSTANT_CONVERSION = YES;
				CLANG_WARN_DEPRECATED_OBJC_IMPLEMENTATIONS = YES;
				CLANG_WARN_DIRECT_OBJC_ISA_USAGE = YES_ERROR;
				CLANG_WARN_DOCUMENTATION_COMMENTS = YES;
				CLANG_WARN_EMPTY_BODY = YES;
				CLANG_WARN_ENUM_CONVERSION = YES;
				CLANG_WARN_INFINITE_RECURSION = YES;
				CLANG_WARN_INT_CONVERSION = YES;
				CLANG_WARN_NON_LITERAL_NULL_CONVERSION = YES;
				CLANG_WARN_OBJC_IMPLICIT_RETAIN_SELF = YES;
				CLANG_WARN_OBJC_LITERAL_CONVERSION = YES;
				CLANG_WARN_OBJC_ROOT_CLASS = YES_ERROR;
				CLANG_WARN_QUOTED_INCLUDE_IN_FRAMEWORK_HEADER = YES;
				CLANG_WARN_RANGE_LOOP_ANALYSIS = YES;
				CLANG_WARN_STRICT_PROTOTYPES = YES;
				CLANG_WARN_SUSPICIOUS_MOVE = YES;
				CLANG_WARN_UNGUARDED_AVAILABILITY = YES_AGGRESSIVE;
				CLANG_WARN_UNREACHABLE_CODE = YES;
				CLANG_WARN__DUPLICATE_METHOD_MATCH = YES;
				COPY_PHASE_STRIP = NO;
				DEBUG_INFORMATION_FORMAT = dwarf;
				ENABLE_STRICT_OBJC_MSGSEND = YES;
				ENABLE_TESTABILITY = YES;
				ENABLE_USER_SCRIPT_SANDBOXING = YES;
				GCC_C_LANGUAGE_STANDARD = gnu17;
				GCC_DYNAMIC_NO_PIC = NO;
				GCC_NO_COMMON_BLOCKS = YES;
				GCC_OPTIMIZATION_LEVEL = 0;
				GCC_PREPROCESSOR_DEFINITIONS = (
					"DEBUG=1",
					"$(inherited)",
				);
				GCC_WARN_64_TO_32_BIT_CONVERSION = YES;
				GCC_WARN_ABOUT_RETURN_TYPE = YES_ERROR;
				GCC_WARN_UNDECLARED_SELECTOR = YES;
				GCC_WARN_UNINITIALIZED_AUTOS = YES_AGGRESSIVE;
				GCC_WARN_UNUSED_FUNCTION = YES;
				GCC_WARN_UNUSED_VARIABLE = YES;
				IPHONEOS_DEPLOYMENT_TARGET = 18.5;
				LOCALIZATION_PREFERS_STRING_CATALOGS = YES;
				MTL_ENABLE_DEBUG_INFO = INCLUDE_SOURCE;
				MTL_FAST_MATH = YES;
				ONLY_ACTIVE_ARCH = YES;
				SDKROOT = iphoneos;
				SWIFT_ACTIVE_COMPILATION_CONDITIONS = "DEBUG $(inherited)";
				SWIFT_OPTIMIZATION_LEVEL = "-Onone";
			};
			name = Debug;
		};
		1905B8152E412B7600CBD6EE /* Release */ = {
			isa = XCBuildConfiguration;
			buildSettings = {
				ALWAYS_SEARCH_USER_PATHS = NO;
				ASSETCATALOG_COMPILER_GENERATE_SWIFT_ASSET_SYMBOL_EXTENSIONS = YES;
				CLANG_ANALYZER_NONNULL = YES;
				CLANG_ANALYZER_NUMBER_OBJECT_CONVERSION = YES_AGGRESSIVE;
				CLANG_CXX_LANGUAGE_STANDARD = "gnu++20";
				CLANG_ENABLE_MODULES = YES;
				CLANG_ENABLE_OBJC_ARC = YES;
				CLANG_ENABLE_OBJC_WEAK = YES;
				CLANG_WARN_BLOCK_CAPTURE_AUTORELEASING = YES;
				CLANG_WARN_BOOL_CONVERSION = YES;
				CLANG_WARN_COMMA = YES;
				CLANG_WARN_CONSTANT_CONVERSION = YES;
				CLANG_WARN_DEPRECATED_OBJC_IMPLEMENTATIONS = YES;
				CLANG_WARN_DIRECT_OBJC_ISA_USAGE = YES_ERROR;
				CLANG_WARN_DOCUMENTATION_COMMENTS = YES;
				CLANG_WARN_EMPTY_BODY = YES;
				CLANG_WARN_ENUM_CONVERSION = YES;
				CLANG_WARN_INFINITE_RECURSION = YES;
				CLANG_WARN_INT_CONVERSION = YES;
				CLANG_WARN_NON_LITERAL_NULL_CONVERSION = YES;
				CLANG_WARN_OBJC_IMPLICIT_RETAIN_SELF = YES;
				CLANG_WARN_OBJC_LITERAL_CONVERSION = YES;
				CLANG_WARN_OBJC_ROOT_CLASS = YES_ERROR;
				CLANG_WARN_QUOTED_INCLUDE_IN_FRAMEWORK_HEADER = YES;
				CLANG_WARN_RANGE_LOOP_ANALYSIS = YES;
				CLANG_WARN_STRICT_PROTOTYPES = YES;
				CLANG_WARN_SUSPICIOUS_MOVE = YES;
				CLANG_WARN_UNGUARDED_AVAILABILITY = YES_AGGRESSIVE;
				CLANG_WARN_UNREACHABLE_CODE = YES;
				CLANG_WARN__DUPLICATE_METHOD_MATCH = YES;
				COPY_PHASE_STRIP = NO;
				DEBUG_INFORMATION_FORMAT = "dwarf-with-dsym";
				ENABLE_NS_ASSERTIONS = NO;
				ENABLE_STRICT_OBJC_MSGSEND = YES;
				ENABLE_USER_SCRIPT_SANDBOXING = YES;
				GCC_C_LANGUAGE_STANDARD = gnu17;
				GCC_NO_COMMON_BLOCKS = YES;
				GCC_WARN_64_TO_32_BIT_CONVERSION = YES;
				GCC_WARN_ABOUT_RETURN_TYPE = YES_ERROR;
				GCC_WARN_UNDECLARED_SELECTOR = YES;
				GCC_WARN_UNINITIALIZED_AUTOS = YES_AGGRESSIVE;
				GCC_WARN_UNUSED_FUNCTION = YES;
				GCC_WARN_UNUSED_VARIABLE = YES;
				IPHONEOS_DEPLOYMENT_TARGET = 18.5;
				LOCALIZATION_PREFERS_STRING_CATALOGS = YES;
				MTL_ENABLE_DEBUG_INFO = NO;
				MTL_FAST_MATH = YES;
				SDKROOT = iphoneos;
				SWIFT_COMPILATION_MODE = wholemodule;
				VALIDATE_PRODUCT = YES;
			};
			name = Release;
		};
		1905B8172E412B7600CBD6EE /* Debug */ = {
			isa = XCBuildConfiguration;
			buildSettings = {
				ASSETCATALOG_COMPILER_APPICON_NAME = AppIcon;
				ASSETCATALOG_COMPILER_GLOBAL_ACCENT_COLOR_NAME = AccentColor;
				CODE_SIGN_STYLE = Automatic;
				CURRENT_PROJECT_VERSION = 1;
				ENABLE_PREVIEWS = YES;
				GENERATE_INFOPLIST_FILE = YES;
				INFOPLIST_KEY_UIApplicationSceneManifest_Generation = YES;
				INFOPLIST_KEY_UIApplicationSupportsIndirectInputEvents = YES;
				INFOPLIST_KEY_UILaunchScreen_Generation = YES;
				INFOPLIST_KEY_UISupportedInterfaceOrientations_iPad = "UIInterfaceOrientationPortrait UIInterfaceOrientationPortraitUpsideDown UIInterfaceOrientationLandscapeLeft UIInterfaceOrientationLandscapeRight";
				INFOPLIST_KEY_UISupportedInterfaceOrientations_iPhone = "UIInterfaceOrientationPortrait UIInterfaceOrientationLandscapeLeft UIInterfaceOrientationLandscapeRight";
				LD_RUNPATH_SEARCH_PATHS = (
					"$(inherited)",
					"@executable_path/Frameworks",
				);
				MARKETING_VERSION = 1.0;
				PRODUCT_BUNDLE_IDENTIFIER = Guilherme.CatApp;
				PRODUCT_NAME = "$(TARGET_NAME)";
				SWIFT_EMIT_LOC_STRINGS = YES;
				SWIFT_VERSION = 5.0;
				TARGETED_DEVICE_FAMILY = "1,2";
			};
			name = Debug;
		};
		1905B8182E412B7600CBD6EE /* Release */ = {
			isa = XCBuildConfiguration;
			buildSettings = {
				ASSETCATALOG_COMPILER_APPICON_NAME = AppIcon;
				ASSETCATALOG_COMPILER_GLOBAL_ACCENT_COLOR_NAME = AccentColor;
				CODE_SIGN_STYLE = Automatic;
				CURRENT_PROJECT_VERSION = 1;
				ENABLE_PREVIEWS = YES;
				GENERATE_INFOPLIST_FILE = YES;
				INFOPLIST_KEY_UIApplicationSceneManifest_Generation = YES;
				INFOPLIST_KEY_UIApplicationSupportsIndirectInputEvents = YES;
				INFOPLIST_KEY_UILaunchScreen_Generation = YES;
				INFOPLIST_KEY_UISupportedInterfaceOrientations_iPad = "UIInterfaceOrientationPortrait UIInterfaceOrientationPortraitUpsideDown UIInterfaceOrientationLandscapeLeft UIInterfaceOrientationLandscapeRight";
				INFOPLIST_KEY_UISupportedInterfaceOrientations_iPhone = "UIInterfaceOrientationPortrait UIInterfaceOrientationLandscapeLeft UIInterfaceOrientationLandscapeRight";
				LD_RUNPATH_SEARCH_PATHS = (
					"$(inherited)",
					"@executable_path/Frameworks",
				);
				MARKETING_VERSION = 1.0;
				PRODUCT_BUNDLE_IDENTIFIER = Guilherme.CatApp;
				PRODUCT_NAME = "$(TARGET_NAME)";
				SWIFT_EMIT_LOC_STRINGS = YES;
				SWIFT_VERSION = 5.0;
				TARGETED_DEVICE_FAMILY = "1,2";
			};
			name = Release;
		};
		1905B81A2E412B7600CBD6EE /* Debug */ = {
			isa = XCBuildConfiguration;
			buildSettings = {
				BUNDLE_LOADER = "$(TEST_HOST)";
				CODE_SIGN_STYLE = Automatic;
				CURRENT_PROJECT_VERSION = 1;
				GENERATE_INFOPLIST_FILE = YES;
				IPHONEOS_DEPLOYMENT_TARGET = 18.5;
				MARKETING_VERSION = 1.0;
				PRODUCT_BUNDLE_IDENTIFIER = Guilherme.CatAppTests;
				PRODUCT_NAME = "$(TARGET_NAME)";
				SWIFT_EMIT_LOC_STRINGS = NO;
				SWIFT_VERSION = 5.0;
				TARGETED_DEVICE_FAMILY = "1,2";
				TEST_HOST = "$(BUILT_PRODUCTS_DIR)/CatApp.app/$(BUNDLE_EXECUTABLE_FOLDER_PATH)/CatApp";
			};
			name = Debug;
		};
		1905B81B2E412B7600CBD6EE /* Release */ = {
			isa = XCBuildConfiguration;
			buildSettings = {
				BUNDLE_LOADER = "$(TEST_HOST)";
				CODE_SIGN_STYLE = Automatic;
				CURRENT_PROJECT_VERSION = 1;
				GENERATE_INFOPLIST_FILE = YES;
				IPHONEOS_DEPLOYMENT_TARGET = 18.5;
				MARKETING_VERSION = 1.0;
				PRODUCT_BUNDLE_IDENTIFIER = Guilherme.CatAppTests;
				PRODUCT_NAME = "$(TARGET_NAME)";
				SWIFT_EMIT_LOC_STRINGS = NO;
				SWIFT_VERSION = 5.0;
				TARGETED_DEVICE_FAMILY = "1,2";
				TEST_HOST = "$(BUILT_PRODUCTS_DIR)/CatApp.app/$(BUNDLE_EXECUTABLE_FOLDER_PATH)/CatApp";
			};
			name = Release;
		};
		1905B81D2E412B7600CBD6EE /* Debug */ = {
			isa = XCBuildConfiguration;
			buildSettings = {
				CODE_SIGN_STYLE = Automatic;
				CURRENT_PROJECT_VERSION = 1;
				GENERATE_INFOPLIST_FILE = YES;
				MARKETING_VERSION = 1.0;
				PRODUCT_BUNDLE_IDENTIFIER = Guilherme.CatAppUITests;
				PRODUCT_NAME = "$(TARGET_NAME)";
				SWIFT_EMIT_LOC_STRINGS = NO;
				SWIFT_VERSION = 5.0;
				TARGETED_DEVICE_FAMILY = "1,2";
				TEST_TARGET_NAME = CatApp;
			};
			name = Debug;
		};
		1905B81E2E412B7600CBD6EE /* Release */ = {
			isa = XCBuildConfiguration;
			buildSettings = {
				CODE_SIGN_STYLE = Automatic;
				CURRENT_PROJECT_VERSION = 1;
				GENERATE_INFOPLIST_FILE = YES;
				MARKETING_VERSION = 1.0;
				PRODUCT_BUNDLE_IDENTIFIER = Guilherme.CatAppUITests;
				PRODUCT_NAME = "$(TARGET_NAME)";
				SWIFT_EMIT_LOC_STRINGS = NO;
				SWIFT_VERSION = 5.0;
				TARGETED_DEVICE_FAMILY = "1,2";
				TEST_TARGET_NAME = CatApp;
			};
			name = Release;
		};
/* End XCBuildConfiguration section */

/* Begin XCConfigurationList section */
		1905B7F02E412B7500CBD6EE /* Build configuration list for PBXProject "CatApp" */ = {
			isa = XCConfigurationList;
			buildConfigurations = (
				1905B8142E412B7600CBD6EE /* Debug */,
				1905B8152E412B7600CBD6EE /* Release */,
			);
			defaultConfigurationIsVisible = 0;
			defaultConfigurationName = Release;
		};
		1905B8162E412B7600CBD6EE /* Build configuration list for PBXNativeTarget "CatApp" */ = {
			isa = XCConfigurationList;
			buildConfigurations = (
				1905B8172E412B7600CBD6EE /* Debug */,
				1905B8182E412B7600CBD6EE /* Release */,
			);
			defaultConfigurationIsVisible = 0;
			defaultConfigurationName = Release;
		};
		1905B8192E412B7600CBD6EE /* Build configuration list for PBXNativeTarget "CatAppTests" */ = {
			isa = XCConfigurationList;
			buildConfigurations = (
				1905B81A2E412B7600CBD6EE /* Debug */,
				1905B81B2E412B7600CBD6EE /* Release */,
			);
			defaultConfigurationIsVisible = 0;
			defaultConfigurationName = Release;
		};
		1905B81C2E412B7600CBD6EE /* Build configuration list for PBXNativeTarget "CatAppUITests" */ = {
			isa = XCConfigurationList;
			buildConfigurations = (
				1905B81D2E412B7600CBD6EE /* Debug */,
				1905B81E2E412B7600CBD6EE /* Release */,
			);
			defaultConfigurationIsVisible = 0;
			defaultConfigurationName = Release;
		};
/* End XCConfigurationList section */
	};
	rootObject = 1905B7ED2E412B7500CBD6EE /* Project object */;
}
